{
    "_meta": {
        "hash": {
            "sha256": "68309cd71a258c30a39567fce09a09ad5c4ff0bdc85b6fba22b47598c985c883"
        },
        "pipfile-spec": 6,
        "requires": {
            "python_version": "3.6"
        },
        "sources": [
            {
                "name": "pypi",
                "url": "https://pypi.org/simple",
                "verify_ssl": true
            }
        ]
    },
    "default": {
        "django": {
            "hashes": [
                "sha256:65e2a548a52fca560cdd4e35f4fa1a79140f405af48950e59702a37e4227e958",
                "sha256:d4244e2c9653e1349b37ab0cdf108607ba9d1e41f71d0711ac71360e4026ce94"
            ],
            "index": "pypi",
            "version": "==2.1.10"
        },
        "pytz": {
            "hashes": [
                "sha256:303879e36b721603cc54604edcac9d20401bdbe31e1e4fdee5b9f98d5d31dfda",
                "sha256:d747dd3d23d77ef44c6a3526e274af6efeb0a6f1afd5a69ba4d5be4098c8e141"
            ],
            "version": "==2019.1"
        }
    },
    "develop": {}
}
